
Microsoft Visual Studio Solution File, Format Version 12.00
# Visual Studio Version 16
VisualStudioVersion = 25.0.1705.4
MinimumVisualStudioVersion = 10.0.40219.1
Project("{FAE04EC0-301F-11D3-BF4B-00C04F79EFBC}") = "YNOScheduling", "YNOScheduling\YNOScheduling.csproj", "{A2F8F26A-FCCA-4DC1-AA35-91066B5BFFCE}"
EndProject
Global
	GlobalSection(SolutionConfigurationPlatforms) = preSolution
		Debug|Any CPU = Debug|Any CPU
		Release|Any CPU = Release|Any CPU
	EndGlobalSection
	GlobalSection(ProjectConfigurationPlatforms) = postSolution
		{A2F8F26A-FCCA-4DC1-AA35-91066B5BFFCE}.Debug|Any CPU.ActiveCfg = Debug|Any CPU
		{A2F8F26A-FCCA-4DC1-AA35-91066B5BFFCE}.Debug|Any CPU.Build.0 = Debug|Any CPU
		{A2F8F26A-FCCA-4DC1-AA35-91066B5BFFCE}.Release|Any CPU.ActiveCfg = Release|Any CPU
		{A2F8F26A-FCCA-4DC1-AA35-91066B5BFFCE}.Release|Any CPU.Build.0 = Release|Any CPU
	EndGlobalSection
	GlobalSection(SolutionProperties) = preSolution
		HideSolutionNode = FALSE
	EndGlobalSection
	GlobalSection(ExtensibilityGlobals) = postSolution
		SolutionGuid = {E7AA2203-5FD9-4594-AA2A-A1893CC553FA}
	EndGlobalSection
EndGlobal
